
Microsoft Visual Studio Solution File, Format Version 12.00
# Visual Studio Version 17
VisualStudioVersion = 17.1.32414.318
MinimumVisualStudioVersion = 10.0.40219.1
Project("{9A19103F-16F7-4668-BE54-9A1E7A4F7556}") = "Caffe-Cache", "Caffe-Cache\Caffe-Cache.csproj", "{F585E429-F036-4D01-BF8F-7E3F46A1137A}"
EndProject
Project("{54A90642-561A-4BB1-A94E-469ADEE60C69}") = "Caffe-Cache-Client", "Caffe-Cache-Client\Caffe-Cache-Client.esproj", "{35AE164C-C361-4A19-8D45-87A443827657}"
EndProject
Global
	GlobalSection(SolutionConfigurationPlatforms) = preSolution
		Debug|Any CPU = Debug|Any CPU
		Release|Any CPU = Release|Any CPU
	EndGlobalSection
	GlobalSection(ProjectConfigurationPlatforms) = postSolution
		{F585E429-F036-4D01-BF8F-7E3F46A1137A}.Debug|Any CPU.ActiveCfg = Debug|Any CPU
		{F585E429-F036-4D01-BF8F-7E3F46A1137A}.Debug|Any CPU.Build.0 = Debug|Any CPU
		{F585E429-F036-4D01-BF8F-7E3F46A1137A}.Release|Any CPU.ActiveCfg = Release|Any CPU
		{F585E429-F036-4D01-BF8F-7E3F46A1137A}.Release|Any CPU.Build.0 = Release|Any CPU
		{35AE164C-C361-4A19-8D45-87A443827657}.Debug|Any CPU.ActiveCfg = Debug|Any CPU
		{35AE164C-C361-4A19-8D45-87A443827657}.Debug|Any CPU.Build.0 = Debug|Any CPU
		{35AE164C-C361-4A19-8D45-87A443827657}.Debug|Any CPU.Deploy.0 = Debug|Any CPU
		{35AE164C-C361-4A19-8D45-87A443827657}.Release|Any CPU.ActiveCfg = Release|Any CPU
		{35AE164C-C361-4A19-8D45-87A443827657}.Release|Any CPU.Build.0 = Release|Any CPU
		{35AE164C-C361-4A19-8D45-87A443827657}.Release|Any CPU.Deploy.0 = Release|Any CPU
	EndGlobalSection
	GlobalSection(SolutionProperties) = preSolution
		HideSolutionNode = FALSE
	EndGlobalSection
	GlobalSection(ExtensibilityGlobals) = postSolution
		SolutionGuid = {7ADE6788-26FB-4CD4-AAF8-E40006B489CE}
	EndGlobalSection
EndGlobal
